github.com/wildtechgarden/a-wild-theme-mod-hugo v0.1.0-alpha.4 h1:MQNvl/BfT5hPfM0sELuaNQiET1h2bjOrJ9tGpddmz+U=
github.com/wildtechgarden/a-wild-theme-mod-hugo v0.1.0-alpha.4/go.mod h1:ZrnzcWKdEfG2UEXbI9dGPmRVT+Cqi7QbX4aKx3HSn1I=
github.com/wildtechgarden/demo-test-site-hugo-wtg v0.2.0 h1:38LLt3vMB0Ocnn4MozFvHMckhP6xkBd6QNn3QqjutmY=
github.com/wildtechgarden/demo-test-site-hugo-wtg v0.2.0/go.mod h1:HaTWesa9XWywKhpuj2NCvq2m3lI7X+s7AafhC9RuMPo=
