github.com/wildtechgarden/demo-test-site-hugo-wtg v0.1.2 h1:8YezO3qzYAWWJW6woHaG8v/Wfx+s/Tqa9Xx8trO30wo=
github.com/wildtechgarden/demo-test-site-hugo-wtg v0.1.2/go.mod h1:8g3mCItBG/fwss4b8vYrMCUMIpKYek9ZQBKL77LA1bw=
github.com/wildtechgarden/wild-theme-shell-mod-hugo v0.0.0-20230824093345-165228365a88 h1:XoSXZ091U5EX3yS3nURTE/Yf4fAL7FxMA945r5kUXm0=
github.com/wildtechgarden/wild-theme-shell-mod-hugo v0.0.0-20230824093345-165228365a88/go.mod h1:jL4+RbgWk3hJ4/ACHtsbgHqfFdPYkng4LPoVnO/m3g8=
